{
    "version": 3,
    "terraform_version": "0.11.8",
    "serial": 7,
    "lineage": "05183111-bf5b-b485-ee75-a109ac69edd0",
    "modules": [
        {
            "path": [
                "root"
            ],
            "outputs": {},
            "resources": {
                "aws_elb.fe-lb": {
                    "type": "aws_elb",
                    "depends_on": [
                        "aws_instance.frontend",
                        "aws_instance.frontend.1"
                    ],
                    "primary": {
                        "id": "fe-lb",
                        "attributes": {
                            "access_logs.#": "0",
                            "arn": "arn:aws:elasticloadbalancing:us-east-1:712123422689:loadbalancer/fe-lb",
                            "availability_zones.#": "3",
                            "availability_zones.1305112097": "us-east-1b",
                            "availability_zones.3569565595": "us-east-1a",
                            "availability_zones.986537655": "us-east-1c",
                            "connection_draining": "false",
                            "connection_draining_timeout": "300",
                            "cross_zone_load_balancing": "true",
                            "dns_name": "fe-lb-1985501118.us-east-1.elb.amazonaws.com",
                            "health_check.#": "1",
                            "health_check.0.healthy_threshold": "2",
                            "health_check.0.interval": "30",
                            "health_check.0.target": "TCP:22",
                            "health_check.0.timeout": "3",
                            "health_check.0.unhealthy_threshold": "2",
                            "id": "fe-lb",
                            "idle_timeout": "60",
                            "instances.#": "2",
                            "instances.1814839339": "i-064a2567adbf6d368",
                            "instances.2500033438": "i-0071154a77cd9950e",
                            "internal": "false",
                            "listener.#": "1",
                            "listener.3057123346.instance_port": "80",
                            "listener.3057123346.instance_protocol": "http",
                            "listener.3057123346.lb_port": "80",
                            "listener.3057123346.lb_protocol": "http",
                            "listener.3057123346.ssl_certificate_id": "",
                            "name": "fe-lb",
                            "security_groups.#": "2",
                            "security_groups.2165150794": "sg-a72bf8ea",
                            "security_groups.3947516888": "sg-09c9bf5fb74c90c6c",
                            "source_security_group": "712123422689/default_elb_cbafd91e-b718-3164-82d8-f7f293224ce1",
                            "source_security_group_id": "sg-09c9bf5fb74c90c6c",
                            "subnets.#": "3",
                            "subnets.1842931231": "subnet-091aa16e",
                            "subnets.237545589": "subnet-f32baddd",
                            "subnets.2828678357": "subnet-5c1e5416",
                            "tags.%": "0",
                            "zone_id": "Z35SXDOTRQ7X7K"
                        },
                        "meta": {},
                        "tainted": false
                    },
                    "deposed": [],
                    "provider": "provider.aws"
                },
                "aws_instance.frontend.0": {
                    "type": "aws_instance",
                    "depends_on": [],
                    "primary": {
                        "id": "i-0071154a77cd9950e",
                        "attributes": {
                            "ami": "ami-06b5810be11add0e2",
                            "arn": "arn:aws:ec2:us-east-1:712123422689:instance/i-0071154a77cd9950e",
                            "associate_public_ip_address": "true",
                            "availability_zone": "us-east-1d",
                            "cpu_core_count": "1",
                            "cpu_threads_per_core": "1",
                            "credit_specification.#": "1",
                            "credit_specification.0.cpu_credits": "standard",
                            "disable_api_termination": "false",
                            "ebs_block_device.#": "0",
                            "ebs_optimized": "false",
                            "ephemeral_block_device.#": "0",
                            "get_password_data": "false",
                            "iam_instance_profile": "",
                            "id": "i-0071154a77cd9950e",
                            "instance_state": "running",
                            "instance_type": "t2.micro",
                            "ipv6_addresses.#": "0",
                            "key_name": "",
                            "monitoring": "false",
                            "network_interface.#": "0",
                            "network_interface_id": "eni-0a68973ee064e4aba",
                            "password_data": "",
                            "placement_group": "",
                            "primary_network_interface_id": "eni-0a68973ee064e4aba",
                            "private_dns": "ip-172-31-35-241.ec2.internal",
                            "private_ip": "172.31.35.241",
                            "public_dns": "ec2-54-145-187-146.compute-1.amazonaws.com",
                            "public_ip": "54.145.187.146",
                            "root_block_device.#": "1",
                            "root_block_device.0.delete_on_termination": "true",
                            "root_block_device.0.iops": "100",
                            "root_block_device.0.volume_id": "vol-0f1c60d61f54e79fb",
                            "root_block_device.0.volume_size": "8",
                            "root_block_device.0.volume_type": "gp2",
                            "security_groups.#": "1",
                            "security_groups.3814588639": "default",
                            "source_dest_check": "true",
                            "subnet_id": "subnet-7ace4926",
                            "tags.%": "0",
                            "tenancy": "default",
                            "user_data": "e90924d3006dd84653ffd632fe045cac3a782691",
                            "volume_tags.%": "0",
                            "vpc_security_group_ids.#": "1",
                            "vpc_security_group_ids.2165150794": "sg-a72bf8ea"
                        },
                        "meta": {
                            "e2bfb730-ecaa-11e6-8f88-34363bc7c4c0": {
                                "create": 600000000000,
                                "delete": 1200000000000,
                                "update": 600000000000
                            },
                            "schema_version": "1"
                        },
                        "tainted": false
                    },
                    "deposed": [],
                    "provider": "provider.aws"
                },
                "aws_instance.frontend.1": {
                    "type": "aws_instance",
                    "depends_on": [],
                    "primary": {
                        "id": "i-064a2567adbf6d368",
                        "attributes": {
                            "ami": "ami-06b5810be11add0e2",
                            "arn": "arn:aws:ec2:us-east-1:712123422689:instance/i-064a2567adbf6d368",
                            "associate_public_ip_address": "true",
                            "availability_zone": "us-east-1d",
                            "cpu_core_count": "1",
                            "cpu_threads_per_core": "1",
                            "credit_specification.#": "1",
                            "credit_specification.0.cpu_credits": "standard",
                            "disable_api_termination": "false",
                            "ebs_block_device.#": "0",
                            "ebs_optimized": "false",
                            "ephemeral_block_device.#": "0",
                            "get_password_data": "false",
                            "iam_instance_profile": "",
                            "id": "i-064a2567adbf6d368",
                            "instance_state": "running",
                            "instance_type": "t2.micro",
                            "ipv6_addresses.#": "0",
                            "key_name": "",
                            "monitoring": "false",
                            "network_interface.#": "0",
                            "network_interface_id": "eni-0e2863d5182a24118",
                            "password_data": "",
                            "placement_group": "",
                            "primary_network_interface_id": "eni-0e2863d5182a24118",
                            "private_dns": "ip-172-31-32-50.ec2.internal",
                            "private_ip": "172.31.32.50",
                            "public_dns": "ec2-18-234-176-106.compute-1.amazonaws.com",
                            "public_ip": "18.234.176.106",
                            "root_block_device.#": "1",
                            "root_block_device.0.delete_on_termination": "true",
                            "root_block_device.0.iops": "100",
                            "root_block_device.0.volume_id": "vol-0897d15c90e79e786",
                            "root_block_device.0.volume_size": "8",
                            "root_block_device.0.volume_type": "gp2",
                            "security_groups.#": "1",
                            "security_groups.3814588639": "default",
                            "source_dest_check": "true",
                            "subnet_id": "subnet-7ace4926",
                            "tags.%": "0",
                            "tenancy": "default",
                            "user_data": "e90924d3006dd84653ffd632fe045cac3a782691",
                            "volume_tags.%": "0",
                            "vpc_security_group_ids.#": "1",
                            "vpc_security_group_ids.2165150794": "sg-a72bf8ea"
                        },
                        "meta": {
                            "e2bfb730-ecaa-11e6-8f88-34363bc7c4c0": {
                                "create": 600000000000,
                                "delete": 1200000000000,
                                "update": 600000000000
                            },
                            "schema_version": "1"
                        },
                        "tainted": false
                    },
                    "deposed": [],
                    "provider": "provider.aws"
                }
            },
            "depends_on": []
        }
    ]
}
